
Microsoft Visual Studio Solution File, Format Version 12.00
# Visual Studio Version 17
VisualStudioVersion = 17.14.36401.2
MinimumVisualStudioVersion = 10.0.40219.1
Project("{FAE04EC0-301F-11D3-BF4B-00C04F79EFBC}") = "APIPractice", "APIPractice.csproj", "{A6D0BE08-B0C1-4886-A210-E4D71D708F26}"
EndProject
Project("{FAE04EC0-301F-11D3-BF4B-00C04F79EFBC}") = "DAL", "..\DAL\DAL.csproj", "{B5375BBA-F0CD-450F-B3FC-868BF2F1D9DB}"
EndProject
Project("{FAE04EC0-301F-11D3-BF4B-00C04F79EFBC}") = "Shared", "..\Shared\Shared.csproj", "{E6957C9D-2A5A-4340-864B-26FB16B45864}"
EndProject
Global
	GlobalSection(SolutionConfigurationPlatforms) = preSolution
		Debug|Any CPU = Debug|Any CPU
		Release|Any CPU = Release|Any CPU
	EndGlobalSection
	GlobalSection(ProjectConfigurationPlatforms) = postSolution
		{A6D0BE08-B0C1-4886-A210-E4D71D708F26}.Debug|Any CPU.ActiveCfg = Debug|Any CPU
		{A6D0BE08-B0C1-4886-A210-E4D71D708F26}.Debug|Any CPU.Build.0 = Debug|Any CPU
		{A6D0BE08-B0C1-4886-A210-E4D71D708F26}.Release|Any CPU.ActiveCfg = Release|Any CPU
		{A6D0BE08-B0C1-4886-A210-E4D71D708F26}.Release|Any CPU.Build.0 = Release|Any CPU
		{B5375BBA-F0CD-450F-B3FC-868BF2F1D9DB}.Debug|Any CPU.ActiveCfg = Debug|Any CPU
		{B5375BBA-F0CD-450F-B3FC-868BF2F1D9DB}.Debug|Any CPU.Build.0 = Debug|Any CPU
		{B5375BBA-F0CD-450F-B3FC-868BF2F1D9DB}.Release|Any CPU.ActiveCfg = Release|Any CPU
		{B5375BBA-F0CD-450F-B3FC-868BF2F1D9DB}.Release|Any CPU.Build.0 = Release|Any CPU
		{E6957C9D-2A5A-4340-864B-26FB16B45864}.Debug|Any CPU.ActiveCfg = Debug|Any CPU
		{E6957C9D-2A5A-4340-864B-26FB16B45864}.Debug|Any CPU.Build.0 = Debug|Any CPU
		{E6957C9D-2A5A-4340-864B-26FB16B45864}.Release|Any CPU.ActiveCfg = Release|Any CPU
		{E6957C9D-2A5A-4340-864B-26FB16B45864}.Release|Any CPU.Build.0 = Release|Any CPU
	EndGlobalSection
	GlobalSection(SolutionProperties) = preSolution
		HideSolutionNode = FALSE
	EndGlobalSection
	GlobalSection(ExtensibilityGlobals) = postSolution
		SolutionGuid = {2174821A-710F-4B21-880A-2C73EE4CD4CC}
	EndGlobalSection
EndGlobal
